
Microsoft Visual Studio Solution File, Format Version 12.00
# Visual Studio Version 17
VisualStudioVersion = 17.11.35312.102
MinimumVisualStudioVersion = 10.0.40219.1
Project("{FAE04EC0-301F-11D3-BF4B-00C04F79EFBC}") = "Bridge", "Bridge\Bridge.csproj", "{DAC2B5F4-859A-441B-A85A-41A17E6AD9B0}"
EndProject
Global
	GlobalSection(SolutionConfigurationPlatforms) = preSolution
		Debug|Any CPU = Debug|Any CPU
		Release|Any CPU = Release|Any CPU
	EndGlobalSection
	GlobalSection(ProjectConfigurationPlatforms) = postSolution
		{DAC2B5F4-859A-441B-A85A-41A17E6AD9B0}.Debug|Any CPU.ActiveCfg = Debug|Any CPU
		{DAC2B5F4-859A-441B-A85A-41A17E6AD9B0}.Debug|Any CPU.Build.0 = Debug|Any CPU
		{DAC2B5F4-859A-441B-A85A-41A17E6AD9B0}.Release|Any CPU.ActiveCfg = Release|Any CPU
		{DAC2B5F4-859A-441B-A85A-41A17E6AD9B0}.Release|Any CPU.Build.0 = Release|Any CPU
	EndGlobalSection
	GlobalSection(SolutionProperties) = preSolution
		HideSolutionNode = FALSE
	EndGlobalSection
	GlobalSection(ExtensibilityGlobals) = postSolution
		SolutionGuid = {C96FF06D-E0E0-4670-BE08-A3BC12DC90D0}
	EndGlobalSection
EndGlobal
